{
  "requires": true,
  "lockfileVersion": 1,
  "dependencies": {
    "@citizenfx/client": {
      "version": "2.0.4484-1",
      "resolved": "https://registry.npmjs.org/@citizenfx/client/-/client-2.0.4484-1.tgz",
      "integrity": "sha512-nRJOcWlcMGGraIYNUtoXgNHC1/G6gei3m7Oh+Vj/tZPqgvVP4t1g6tY0xlf1r3MbHSOmCHcC8dMhNK1NLAzuLQ=="
    }
  }
}
